
Microsoft Visual Studio Solution File, Format Version 12.00
# Visual Studio Version 16
VisualStudioVersion = 16.0.810.22
MinimumVisualStudioVersion = 10.0.40219.1
Project("{FAE04EC0-301F-11D3-BF4B-00C04F79EFBC}") = "workshop", "workshop.csproj", "{B6DB9EB7-740E-4D2F-BD13-1D241A5BF781}"
EndProject
Global
	GlobalSection(SolutionConfigurationPlatforms) = preSolution
		Debug|anycpu = Debug|anycpu
		Release|anycpu = Release|anycpu
	EndGlobalSection
	GlobalSection(ProjectConfigurationPlatforms) = postSolution
		{B6DB9EB7-740E-4D2F-BD13-1D241A5BF781}.Debug|anycpu.ActiveCfg = Debug|anycpu
		{B6DB9EB7-740E-4D2F-BD13-1D241A5BF781}.Debug|anycpu.Build.0 = Debug|anycpu
		{B6DB9EB7-740E-4D2F-BD13-1D241A5BF781}.Release|anycpu.ActiveCfg = Release|anycpu
		{B6DB9EB7-740E-4D2F-BD13-1D241A5BF781}.Release|anycpu.Build.0 = Release|anycpu
	EndGlobalSection
	GlobalSection(SolutionProperties) = preSolution
		HideSolutionNode = FALSE
	EndGlobalSection
	GlobalSection(ExtensibilityGlobals) = postSolution
		SolutionGuid = {F7B8473E-FC4F-4701-8F7B-2A60F413AE54}
	EndGlobalSection
EndGlobal
